// !$*UTF8*$!
{
	archiveVersion = 1;
	classes = {
	};
	objectVersion = 50;
	objects = {

/* Begin PBXBuildFile section */
		79C0CAA7225D4FDE00189630 /* AppDelegate.swift in Sources */ = {isa = PBXBuildFile; fileRef = 79C0CAA6225D4FDE00189630 /* AppDelegate.swift */; };
		79C0CAA9225D4FDE00189630 /* ParkListViewController.swift in Sources */ = {isa = PBXBuildFile; fileRef = 79C0CAA8225D4FDE00189630 /* ParkListViewController.swift */; };
		79C0CAAC225D4FDE00189630 /* Main.storyboard in Resources */ = {isa = PBXBuildFile; fileRef = 79C0CAAA225D4FDE00189630 /* Main.storyboard */; };
		79C0CAAE225D4FE300189630 /* Assets.xcassets in Resources */ = {isa = PBXBuildFile; fileRef = 79C0CAAD225D4FE300189630 /* Assets.xcassets */; };
		79C0CAB1225D4FE300189630 /* LaunchScreen.storyboard in Resources */ = {isa = PBXBuildFile; fileRef = 79C0CAAF225D4FE300189630 /* LaunchScreen.storyboard */; };
		79C0CABC225D4FE300189630 /* National_Parks_ExplorerTests.swift in Sources */ = {isa = PBXBuildFile; fileRef = 79C0CABB225D4FE300189630 /* National_Parks_ExplorerTests.swift */; };
		79C0CAC7225D4FE300189630 /* National_Parks_ExplorerUITests.swift in Sources */ = {isa = PBXBuildFile; fileRef = 79C0CAC6225D4FE300189630 /* National_Parks_ExplorerUITests.swift */; };
		79C0CAD5225D51DF00189630 /* States.swift in Sources */ = {isa = PBXBuildFile; fileRef = 79C0CAD4225D51DF00189630 /* States.swift */; };
		79C0CAD7225D51EF00189630 /* StatePicker.swift in Sources */ = {isa = PBXBuildFile; fileRef = 79C0CAD6225D51EF00189630 /* StatePicker.swift */; };
		79C0CAD9225D51F900189630 /* ParkPicker.swift in Sources */ = {isa = PBXBuildFile; fileRef = 79C0CAD8225D51F900189630 /* ParkPicker.swift */; };
		79C0CADB225D54F200189630 /* NationalPark.swift in Sources */ = {isa = PBXBuildFile; fileRef = 79C0CADA225D54F200189630 /* NationalPark.swift */; };
		79C0CADD225D550300189630 /* NationalParksService.swift in Sources */ = {isa = PBXBuildFile; fileRef = 79C0CADC225D550300189630 /* NationalParksService.swift */; };
/* End PBXBuildFile section */

/* Begin PBXContainerItemProxy section */
		79C0CAB8225D4FE300189630 /* PBXContainerItemProxy */ = {
			isa = PBXContainerItemProxy;
			containerPortal = 79C0CA9B225D4FDE00189630 /* Project object */;
			proxyType = 1;
			remoteGlobalIDString = 79C0CAA2225D4FDE00189630;
			remoteInfo = "National Parks Explorer";
		};
		79C0CAC3225D4FE300189630 /* PBXContainerItemProxy */ = {
			isa = PBXContainerItemProxy;
			containerPortal = 79C0CA9B225D4FDE00189630 /* Project object */;
			proxyType = 1;
			remoteGlobalIDString = 79C0CAA2225D4FDE00189630;
			remoteInfo = "National Parks Explorer";
		};
/* End PBXContainerItemProxy section */

/* Begin PBXFileReference section */
		79C0CAA3225D4FDE00189630 /* National Parks Explorer.app */ = {isa = PBXFileReference; explicitFileType = wrapper.application; includeInIndex = 0; path = "National Parks Explorer.app"; sourceTree = BUILT_PRODUCTS_DIR; };
		79C0CAA6225D4FDE00189630 /* AppDelegate.swift */ = {isa = PBXFileReference; lastKnownFileType = sourcecode.swift; path = AppDelegate.swift; sourceTree = "<group>"; };
		79C0CAA8225D4FDE00189630 /* ParkListViewController.swift */ = {isa = PBXFileReference; lastKnownFileType = sourcecode.swift; path = ParkListViewController.swift; sourceTree = "<group>"; };
		79C0CAAB225D4FDE00189630 /* Base */ = {isa = PBXFileReference; lastKnownFileType = file.storyboard; name = Base; path = Base.lproj/Main.storyboard; sourceTree = "<group>"; };
		79C0CAAD225D4FE300189630 /* Assets.xcassets */ = {isa = PBXFileReference; lastKnownFileType = folder.assetcatalog; path = Assets.xcassets; sourceTree = "<group>"; };
		79C0CAB0225D4FE300189630 /* Base */ = {isa = PBXFileReference; lastKnownFileType = file.storyboard; name = Base; path = Base.lproj/LaunchScreen.storyboard; sourceTree = "<group>"; };
		79C0CAB2225D4FE300189630 /* Info.plist */ = {isa = PBXFileReference; lastKnownFileType = text.plist.xml; path = Info.plist; sourceTree = "<group>"; };
		79C0CAB7225D4FE300189630 /* National Parks ExplorerTests.xctest */ = {isa = PBXFileReference; explicitFileType = wrapper.cfbundle; includeInIndex = 0; path = "National Parks ExplorerTests.xctest"; sourceTree = BUILT_PRODUCTS_DIR; };
		79C0CABB225D4FE300189630 /* National_Parks_ExplorerTests.swift */ = {isa = PBXFileReference; lastKnownFileType = sourcecode.swift; path = National_Parks_ExplorerTests.swift; sourceTree = "<group>"; };
		79C0CABD225D4FE300189630 /* Info.plist */ = {isa = PBXFileReference; lastKnownFileType = text.plist.xml; path = Info.plist; sourceTree = "<group>"; };
		79C0CAC2225D4FE300189630 /* National Parks ExplorerUITests.xctest */ = {isa = PBXFileReference; explicitFileType = wrapper.cfbundle; includeInIndex = 0; path = "National Parks ExplorerUITests.xctest"; sourceTree = BUILT_PRODUCTS_DIR; };
		79C0CAC6225D4FE300189630 /* National_Parks_ExplorerUITests.swift */ = {isa = PBXFileReference; lastKnownFileType = sourcecode.swift; path = National_Parks_ExplorerUITests.swift; sourceTree = "<group>"; };
		79C0CAC8225D4FE300189630 /* Info.plist */ = {isa = PBXFileReference; lastKnownFileType = text.plist.xml; path = Info.plist; sourceTree = "<group>"; };
		79C0CAD4225D51DF00189630 /* States.swift */ = {isa = PBXFileReference; lastKnownFileType = sourcecode.swift; path = States.swift; sourceTree = "<group>"; };
		79C0CAD6225D51EF00189630 /* StatePicker.swift */ = {isa = PBXFileReference; lastKnownFileType = sourcecode.swift; path = StatePicker.swift; sourceTree = "<group>"; };
		79C0CAD8225D51F900189630 /* ParkPicker.swift */ = {isa = PBXFileReference; lastKnownFileType = sourcecode.swift; path = ParkPicker.swift; sourceTree = "<group>"; };
		79C0CADA225D54F200189630 /* NationalPark.swift */ = {isa = PBXFileReference; lastKnownFileType = sourcecode.swift; path = NationalPark.swift; sourceTree = "<group>"; };
		79C0CADC225D550300189630 /* NationalParksService.swift */ = {isa = PBXFileReference; lastKnownFileType = sourcecode.swift; path = NationalParksService.swift; sourceTree = "<group>"; };
/* End PBXFileReference section */

/* Begin PBXFrameworksBuildPhase section */
		79C0CAA0225D4FDE00189630 /* Frameworks */ = {
			isa = PBXFrameworksBuildPhase;
			buildActionMask = 2147483647;
			files = (
			);
			runOnlyForDeploymentPostprocessing = 0;
		};
		79C0CAB4225D4FE300189630 /* Frameworks */ = {
			isa = PBXFrameworksBuildPhase;
			buildActionMask = 2147483647;
			files = (
			);
			runOnlyForDeploymentPostprocessing = 0;
		};
		79C0CABF225D4FE300189630 /* Frameworks */ = {
			isa = PBXFrameworksBuildPhase;
			buildActionMask = 2147483647;
			files = (
			);
			runOnlyForDeploymentPostprocessing = 0;
		};
/* End PBXFrameworksBuildPhase section */

/* Begin PBXGroup section */
		79C0CA9A225D4FDE00189630 = {
			isa = PBXGroup;
			children = (
				79C0CAA5225D4FDE00189630 /* National Parks Explorer */,
				79C0CABA225D4FE300189630 /* National Parks ExplorerTests */,
				79C0CAC5225D4FE300189630 /* National Parks ExplorerUITests */,
				79C0CAA4225D4FDE00189630 /* Products */,
			);
			sourceTree = "<group>";
		};
		79C0CAA4225D4FDE00189630 /* Products */ = {
			isa = PBXGroup;
			children = (
				79C0CAA3225D4FDE00189630 /* National Parks Explorer.app */,
				79C0CAB7225D4FE300189630 /* National Parks ExplorerTests.xctest */,
				79C0CAC2225D4FE300189630 /* National Parks ExplorerUITests.xctest */,
			);
			name = Products;
			sourceTree = "<group>";
		};
		79C0CAA5225D4FDE00189630 /* National Parks Explorer */ = {
			isa = PBXGroup;
			children = (
				79C0CAA6225D4FDE00189630 /* AppDelegate.swift */,
				79C0CAA8225D4FDE00189630 /* ParkListViewController.swift */,
				79C0CADA225D54F200189630 /* NationalPark.swift */,
				79C0CADC225D550300189630 /* NationalParksService.swift */,
				79C0CAD4225D51DF00189630 /* States.swift */,
				79C0CAD6225D51EF00189630 /* StatePicker.swift */,
				79C0CAD8225D51F900189630 /* ParkPicker.swift */,
				79C0CAAA225D4FDE00189630 /* Main.storyboard */,
				79C0CAAD225D4FE300189630 /* Assets.xcassets */,
				79C0CAAF225D4FE300189630 /* LaunchScreen.storyboard */,
				79C0CAB2225D4FE300189630 /* Info.plist */,
			);
			path = "National Parks Explorer";
			sourceTree = "<group>";
		};
		79C0CABA225D4FE300189630 /* National Parks ExplorerTests */ = {
			isa = PBXGroup;
			children = (
				79C0CABB225D4FE300189630 /* National_Parks_ExplorerTests.swift */,
				79C0CABD225D4FE300189630 /* Info.plist */,
			);
			path = "National Parks ExplorerTests";
			sourceTree = "<group>";
		};
		79C0CAC5225D4FE300189630 /* National Parks ExplorerUITests */ = {
			isa = PBXGroup;
			children = (
				79C0CAC6225D4FE300189630 /* National_Parks_ExplorerUITests.swift */,
				79C0CAC8225D4FE300189630 /* Info.plist */,
			);
			path = "National Parks ExplorerUITests";
			sourceTree = "<group>";
		};
/* End PBXGroup section */

/* Begin PBXNativeTarget section */
		79C0CAA2225D4FDE00189630 /* National Parks Explorer */ = {
			isa = PBXNativeTarget;
			buildConfigurationList = 79C0CACB225D4FE300189630 /* Build configuration list for PBXNativeTarget "National Parks Explorer" */;
			buildPhases = (
				79C0CA9F225D4FDE00189630 /* Sources */,
				79C0CAA0225D4FDE00189630 /* Frameworks */,
				79C0CAA1225D4FDE00189630 /* Resources */,
			);
			buildRules = (
			);
			dependencies = (
			);
			name = "National Parks Explorer";
			productName = "National Parks Explorer";
			productReference = 79C0CAA3225D4FDE00189630 /* National Parks Explorer.app */;
			productType = "com.apple.product-type.application";
		};
		79C0CAB6225D4FE300189630 /* National Parks ExplorerTests */ = {
			isa = PBXNativeTarget;
			buildConfigurationList = 79C0CACE225D4FE300189630 /* Build configuration list for PBXNativeTarget "National Parks ExplorerTests" */;
			buildPhases = (
				79C0CAB3225D4FE300189630 /* Sources */,
				79C0CAB4225D4FE300189630 /* Frameworks */,
				79C0CAB5225D4FE300189630 /* Resources */,
			);
			buildRules = (
			);
			dependencies = (
				79C0CAB9225D4FE300189630 /* PBXTargetDependency */,
			);
			name = "National Parks ExplorerTests";
			productName = "National Parks ExplorerTests";
			productReference = 79C0CAB7225D4FE300189630 /* National Parks ExplorerTests.xctest */;
			productType = "com.apple.product-type.bundle.unit-test";
		};
		79C0CAC1225D4FE300189630 /* National Parks ExplorerUITests */ = {
			isa = PBXNativeTarget;
			buildConfigurationList = 79C0CAD1225D4FE300189630 /* Build configuration list for PBXNativeTarget "National Parks ExplorerUITests" */;
			buildPhases = (
				79C0CABE225D4FE300189630 /* Sources */,
				79C0CABF225D4FE300189630 /* Frameworks */,
				79C0CAC0225D4FE300189630 /* Resources */,
			);
			buildRules = (
			);
			dependencies = (
				79C0CAC4225D4FE300189630 /* PBXTargetDependency */,
			);
			name = "National Parks ExplorerUITests";
			productName = "National Parks ExplorerUITests";
			productReference = 79C0CAC2225D4FE300189630 /* National Parks ExplorerUITests.xctest */;
			productType = "com.apple.product-type.bundle.ui-testing";
		};
/* End PBXNativeTarget section */

/* Begin PBXProject section */
		79C0CA9B225D4FDE00189630 /* Project object */ = {
			isa = PBXProject;
			attributes = {
				LastSwiftUpdateCheck = 1010;
				LastUpgradeCheck = 1010;
				ORGANIZATIONNAME = "Paul Baker";
				TargetAttributes = {
					79C0CAA2225D4FDE00189630 = {
						CreatedOnToolsVersion = 10.1;
					};
					79C0CAB6225D4FE300189630 = {
						CreatedOnToolsVersion = 10.1;
						TestTargetID = 79C0CAA2225D4FDE00189630;
					};
					79C0CAC1225D4FE300189630 = {
						CreatedOnToolsVersion = 10.1;
						TestTargetID = 79C0CAA2225D4FDE00189630;
					};
				};
			};
			buildConfigurationList = 79C0CA9E225D4FDE00189630 /* Build configuration list for PBXProject "National Parks Explorer" */;
			compatibilityVersion = "Xcode 9.3";
			developmentRegion = en;
			hasScannedForEncodings = 0;
			knownRegions = (
				en,
				Base,
			);
			mainGroup = 79C0CA9A225D4FDE00189630;
			productRefGroup = 79C0CAA4225D4FDE00189630 /* Products */;
			projectDirPath = "";
			projectRoot = "";
			targets = (
				79C0CAA2225D4FDE00189630 /* National Parks Explorer */,
				79C0CAB6225D4FE300189630 /* National Parks ExplorerTests */,
				79C0CAC1225D4FE300189630 /* National Parks ExplorerUITests */,
			);
		};
/* End PBXProject section */

/* Begin PBXResourcesBuildPhase section */
		79C0CAA1225D4FDE00189630 /* Resources */ = {
			isa = PBXResourcesBuildPhase;
			buildActionMask = 2147483647;
			files = (
				79C0CAB1225D4FE300189630 /* LaunchScreen.storyboard in Resources */,
				79C0CAAE225D4FE300189630 /* Assets.xcassets in Resources */,
				79C0CAAC225D4FDE00189630 /* Main.storyboard in Resources */,
			);
			runOnlyForDeploymentPostprocessing = 0;
		};
		79C0CAB5225D4FE300189630 /* Resources */ = {
			isa = PBXResourcesBuildPhase;
			buildActionMask = 2147483647;
			files = (
			);
			runOnlyForDeploymentPostprocessing = 0;
		};
		79C0CAC0225D4FE300189630 /* Resources */ = {
			isa = PBXResourcesBuildPhase;
			buildActionMask = 2147483647;
			files = (
			);
			runOnlyForDeploymentPostprocessing = 0;
		};
/* End PBXResourcesBuildPhase section */

/* Begin PBXSourcesBuildPhase section */
		79C0CA9F225D4FDE00189630 /* Sources */ = {
			isa = PBXSourcesBuildPhase;
			buildActionMask = 2147483647;
			files = (
				79C0CAD5225D51DF00189630 /* States.swift in Sources */,
				79C0CAA9225D4FDE00189630 /* ParkListViewController.swift in Sources */,
				79C0CAA7225D4FDE00189630 /* AppDelegate.swift in Sources */,
				79C0CAD7225D51EF00189630 /* StatePicker.swift in Sources */,
				79C0CAD9225D51F900189630 /* ParkPicker.swift in Sources */,
				79C0CADB225D54F200189630 /* NationalPark.swift in Sources */,
				79C0CADD225D550300189630 /* NationalParksService.swift in Sources */,
			);
			runOnlyForDeploymentPostprocessing = 0;
		};
		79C0CAB3225D4FE300189630 /* Sources */ = {
			isa = PBXSourcesBuildPhase;
			buildActionMask = 2147483647;
			files = (
				79C0CABC225D4FE300189630 /* National_Parks_ExplorerTests.swift in Sources */,
			);
			runOnlyForDeploymentPostprocessing = 0;
		};
		79C0CABE225D4FE300189630 /* Sources */ = {
			isa = PBXSourcesBuildPhase;
			buildActionMask = 2147483647;
			files = (
				79C0CAC7225D4FE300189630 /* National_Parks_ExplorerUITests.swift in Sources */,
			);
			runOnlyForDeploymentPostprocessing = 0;
		};
/* End PBXSourcesBuildPhase section */

/* Begin PBXTargetDependency section */
		79C0CAB9225D4FE300189630 /* PBXTargetDependency */ = {
			isa = PBXTargetDependency;
			target = 79C0CAA2225D4FDE00189630 /* National Parks Explorer */;
			targetProxy = 79C0CAB8225D4FE300189630 /* PBXContainerItemProxy */;
		};
		79C0CAC4225D4FE300189630 /* PBXTargetDependency */ = {
			isa = PBXTargetDependency;
			target = 79C0CAA2225D4FDE00189630 /* National Parks Explorer */;
			targetProxy = 79C0CAC3225D4FE300189630 /* PBXContainerItemProxy */;
		};
/* End PBXTargetDependency section */

/* Begin PBXVariantGroup section */
		79C0CAAA225D4FDE00189630 /* Main.storyboard */ = {
			isa = PBXVariantGroup;
			children = (
				79C0CAAB225D4FDE00189630 /* Base */,
			);
			name = Main.storyboard;
			sourceTree = "<group>";
		};
		79C0CAAF225D4FE300189630 /* LaunchScreen.storyboard */ = {
			isa = PBXVariantGroup;
			children = (
				79C0CAB0225D4FE300189630 /* Base */,
			);
			name = LaunchScreen.storyboard;
			sourceTree = "<group>";
		};
/* End PBXVariantGroup section */

/* Begin XCBuildConfiguration section */
		79C0CAC9225D4FE300189630 /* Debug */ = {
			isa = XCBuildConfiguration;
			buildSettings = {
				ALWAYS_SEARCH_USER_PATHS = NO;
				CLANG_ANALYZER_NONNULL = YES;
				CLANG_ANALYZER_NUMBER_OBJECT_CONVERSION = YES_AGGRESSIVE;
				CLANG_CXX_LANGUAGE_STANDARD = "gnu++14";
				CLANG_CXX_LIBRARY = "libc++";
				CLANG_ENABLE_MODULES = YES;
				CLANG_ENABLE_OBJC_ARC = YES;
				CLANG_ENABLE_OBJC_WEAK = YES;
				CLANG_WARN_BLOCK_CAPTURE_AUTORELEASING = YES;
				CLANG_WARN_BOOL_CONVERSION = YES;
				CLANG_WARN_COMMA = YES;
				CLANG_WARN_CONSTANT_CONVERSION = YES;
				CLANG_WARN_DEPRECATED_OBJC_IMPLEMENTATIONS = YES;
				CLANG_WARN_DIRECT_OBJC_ISA_USAGE = YES_ERROR;
				CLANG_WARN_DOCUMENTATION_COMMENTS = YES;
				CLANG_WARN_EMPTY_BODY = YES;
				CLANG_WARN_ENUM_CONVERSION = YES;
				CLANG_WARN_INFINITE_RECURSION = YES;
				CLANG_WARN_INT_CONVERSION = YES;
				CLANG_WARN_NON_LITERAL_NULL_CONVERSION = YES;
				CLANG_WARN_OBJC_IMPLICIT_RETAIN_SELF = YES;
				CLANG_WARN_OBJC_LITERAL_CONVERSION = YES;
				CLANG_WARN_OBJC_ROOT_CLASS = YES_ERROR;
				CLANG_WARN_RANGE_LOOP_ANALYSIS = YES;
				CLANG_WARN_STRICT_PROTOTYPES = YES;
				CLANG_WARN_SUSPICIOUS_MOVE = YES;
				CLANG_WARN_UNGUARDED_AVAILABILITY = YES_AGGRESSIVE;
				CLANG_WARN_UNREACHABLE_CODE = YES;
				CLANG_WARN__DUPLICATE_METHOD_MATCH = YES;
				CODE_SIGN_IDENTITY = "iPhone Developer";
				COPY_PHASE_STRIP = NO;
				DEBUG_INFORMATION_FORMAT = dwarf;
				ENABLE_STRICT_OBJC_MSGSEND = YES;
				ENABLE_TESTABILITY = YES;
				GCC_C_LANGUAGE_STANDARD = gnu11;
				GCC_DYNAMIC_NO_PIC = NO;
				GCC_NO_COMMON_BLOCKS = YES;
				GCC_OPTIMIZATION_LEVEL = 0;
				GCC_PREPROCESSOR_DEFINITIONS = (
					"DEBUG=1",
					"$(inherited)",
				);
				GCC_WARN_64_TO_32_BIT_CONVERSION = YES;
				GCC_WARN_ABOUT_RETURN_TYPE = YES_ERROR;
				GCC_WARN_UNDECLARED_SELECTOR = YES;
				GCC_WARN_UNINITIALIZED_AUTOS = YES_AGGRESSIVE;
				GCC_WARN_UNUSED_FUNCTION = YES;
				GCC_WARN_UNUSED_VARIABLE = YES;
				IPHONEOS_DEPLOYMENT_TARGET = 12.1;
				MTL_ENABLE_DEBUG_INFO = INCLUDE_SOURCE;
				MTL_FAST_MATH = YES;
				ONLY_ACTIVE_ARCH = YES;
				SDKROOT = iphoneos;
				SWIFT_ACTIVE_COMPILATION_CONDITIONS = DEBUG;
				SWIFT_OPTIMIZATION_LEVEL = "-Onone";
			};
			name = Debug;
		};
		79C0CACA225D4FE300189630 /* Release */ = {
			isa = XCBuildConfiguration;
			buildSettings = {
				ALWAYS_SEARCH_USER_PATHS = NO;
				CLANG_ANALYZER_NONNULL = YES;
				CLANG_ANALYZER_NUMBER_OBJECT_CONVERSION = YES_AGGRESSIVE;
				CLANG_CXX_LANGUAGE_STANDARD = "gnu++14";
				CLANG_CXX_LIBRARY = "libc++";
				CLANG_ENABLE_MODULES = YES;
				CLANG_ENABLE_OBJC_ARC = YES;
				CLANG_ENABLE_OBJC_WEAK = YES;
				CLANG_WARN_BLOCK_CAPTURE_AUTORELEASING = YES;
				CLANG_WARN_BOOL_CONVERSION = YES;
				CLANG_WARN_COMMA = YES;
				CLANG_WARN_CONSTANT_CONVERSION = YES;
				CLANG_WARN_DEPRECATED_OBJC_IMPLEMENTATIONS = YES;
				CLANG_WARN_DIRECT_OBJC_ISA_USAGE = YES_ERROR;
				CLANG_WARN_DOCUMENTATION_COMMENTS = YES;
				CLANG_WARN_EMPTY_BODY = YES;
				CLANG_WARN_ENUM_CONVERSION = YES;
				CLANG_WARN_INFINITE_RECURSION = YES;
				CLANG_WARN_INT_CONVERSION = YES;
				CLANG_WARN_NON_LITERAL_NULL_CONVERSION = YES;
				CLANG_WARN_OBJC_IMPLICIT_RETAIN_SELF = YES;
				CLANG_WARN_OBJC_LITERAL_CONVERSION = YES;
				CLANG_WARN_OBJC_ROOT_CLASS = YES_ERROR;
				CLANG_WARN_RANGE_LOOP_ANALYSIS = YES;
				CLANG_WARN_STRICT_PROTOTYPES = YES;
				CLANG_WARN_SUSPICIOUS_MOVE = YES;
				CLANG_WARN_UNGUARDED_AVAILABILITY = YES_AGGRESSIVE;
				CLANG_WARN_UNREACHABLE_CODE = YES;
				CLANG_WARN__DUPLICATE_METHOD_MATCH = YES;
				CODE_SIGN_IDENTITY = "iPhone Developer";
				COPY_PHASE_STRIP = NO;
				DEBUG_INFORMATION_FORMAT = "dwarf-with-dsym";
				ENABLE_NS_ASSERTIONS = NO;
				ENABLE_STRICT_OBJC_MSGSEND = YES;
				GCC_C_LANGUAGE_STANDARD = gnu11;
				GCC_NO_COMMON_BLOCKS = YES;
				GCC_WARN_64_TO_32_BIT_CONVERSION = YES;
				GCC_WARN_ABOUT_RETURN_TYPE = YES_ERROR;
				GCC_WARN_UNDECLARED_SELECTOR = YES;
				GCC_WARN_UNINITIALIZED_AUTOS = YES_AGGRESSIVE;
				GCC_WARN_UNUSED_FUNCTION = YES;
				GCC_WARN_UNUSED_VARIABLE = YES;
				IPHONEOS_DEPLOYMENT_TARGET = 12.1;
				MTL_ENABLE_DEBUG_INFO = NO;
				MTL_FAST_MATH = YES;
				SDKROOT = iphoneos;
				SWIFT_COMPILATION_MODE = wholemodule;
				SWIFT_OPTIMIZATION_LEVEL = "-O";
				VALIDATE_PRODUCT = YES;
			};
			name = Release;
		};
		79C0CACC225D4FE300189630 /* Debug */ = {
			isa = XCBuildConfiguration;
			buildSettings = {
				ASSETCATALOG_COMPILER_APPICON_NAME = AppIcon;
				CODE_SIGN_STYLE = Automatic;
				INFOPLIST_FILE = "National Parks Explorer/Info.plist";
				LD_RUNPATH_SEARCH_PATHS = (
					"$(inherited)",
					"@executable_path/Frameworks",
				);
				PRODUCT_BUNDLE_IDENTIFIER = "com.PaulBaker.National-Parks-Explorer";
				PRODUCT_NAME = "$(TARGET_NAME)";
				SWIFT_VERSION = 4.2;
				TARGETED_DEVICE_FAMILY = "1,2";
			};
			name = Debug;
		};
		79C0CACD225D4FE300189630 /* Release */ = {
			isa = XCBuildConfiguration;
			buildSettings = {
				ASSETCATALOG_COMPILER_APPICON_NAME = AppIcon;
				CODE_SIGN_STYLE = Automatic;
				INFOPLIST_FILE = "National Parks Explorer/Info.plist";
				LD_RUNPATH_SEARCH_PATHS = (
					"$(inherited)",
					"@executable_path/Frameworks",
				);
				PRODUCT_BUNDLE_IDENTIFIER = "com.PaulBaker.National-Parks-Explorer";
				PRODUCT_NAME = "$(TARGET_NAME)";
				SWIFT_VERSION = 4.2;
				TARGETED_DEVICE_FAMILY = "1,2";
			};
			name = Release;
		};
		79C0CACF225D4FE300189630 /* Debug */ = {
			isa = XCBuildConfiguration;
			buildSettings = {
				ALWAYS_EMBED_SWIFT_STANDARD_LIBRARIES = YES;
				BUNDLE_LOADER = "$(TEST_HOST)";
				CODE_SIGN_STYLE = Automatic;
				INFOPLIST_FILE = "National Parks ExplorerTests/Info.plist";
				LD_RUNPATH_SEARCH_PATHS = (
					"$(inherited)",
					"@executable_path/Frameworks",
					"@loader_path/Frameworks",
				);
				PRODUCT_BUNDLE_IDENTIFIER = "com.PaulBaker.National-Parks-ExplorerTests";
				PRODUCT_NAME = "$(TARGET_NAME)";
				SWIFT_VERSION = 4.2;
				TARGETED_DEVICE_FAMILY = "1,2";
				TEST_HOST = "$(BUILT_PRODUCTS_DIR)/National Parks Explorer.app/National Parks Explorer";
			};
			name = Debug;
		};
		79C0CAD0225D4FE300189630 /* Release */ = {
			isa = XCBuildConfiguration;
			buildSettings = {
				ALWAYS_EMBED_SWIFT_STANDARD_LIBRARIES = YES;
				BUNDLE_LOADER = "$(TEST_HOST)";
				CODE_SIGN_STYLE = Automatic;
				INFOPLIST_FILE = "National Parks ExplorerTests/Info.plist";
				LD_RUNPATH_SEARCH_PATHS = (
					"$(inherited)",
					"@executable_path/Frameworks",
					"@loader_path/Frameworks",
				);
				PRODUCT_BUNDLE_IDENTIFIER = "com.PaulBaker.National-Parks-ExplorerTests";
				PRODUCT_NAME = "$(TARGET_NAME)";
				SWIFT_VERSION = 4.2;
				TARGETED_DEVICE_FAMILY = "1,2";
				TEST_HOST = "$(BUILT_PRODUCTS_DIR)/National Parks Explorer.app/National Parks Explorer";
			};
			name = Release;
		};
		79C0CAD2225D4FE300189630 /* Debug */ = {
			isa = XCBuildConfiguration;
			buildSettings = {
				ALWAYS_EMBED_SWIFT_STANDARD_LIBRARIES = YES;
				CODE_SIGN_STYLE = Automatic;
				INFOPLIST_FILE = "National Parks ExplorerUITests/Info.plist";
				LD_RUNPATH_SEARCH_PATHS = (
					"$(inherited)",
					"@executable_path/Frameworks",
					"@loader_path/Frameworks",
				);
				PRODUCT_BUNDLE_IDENTIFIER = "com.PaulBaker.National-Parks-ExplorerUITests";
				PRODUCT_NAME = "$(TARGET_NAME)";
				SWIFT_VERSION = 4.2;
				TARGETED_DEVICE_FAMILY = "1,2";
				TEST_TARGET_NAME = "National Parks Explorer";
			};
			name = Debug;
		};
		79C0CAD3225D4FE300189630 /* Release */ = {
			isa = XCBuildConfiguration;
			buildSettings = {
				ALWAYS_EMBED_SWIFT_STANDARD_LIBRARIES = YES;
				CODE_SIGN_STYLE = Automatic;
				INFOPLIST_FILE = "National Parks ExplorerUITests/Info.plist";
				LD_RUNPATH_SEARCH_PATHS = (
					"$(inherited)",
					"@executable_path/Frameworks",
					"@loader_path/Frameworks",
				);
				PRODUCT_BUNDLE_IDENTIFIER = "com.PaulBaker.National-Parks-ExplorerUITests";
				PRODUCT_NAME = "$(TARGET_NAME)";
				SWIFT_VERSION = 4.2;
				TARGETED_DEVICE_FAMILY = "1,2";
				TEST_TARGET_NAME = "National Parks Explorer";
			};
			name = Release;
		};
/* End XCBuildConfiguration section */

/* Begin XCConfigurationList section */
		79C0CA9E225D4FDE00189630 /* Build configuration list for PBXProject "National Parks Explorer" */ = {
			isa = XCConfigurationList;
			buildConfigurations = (
				79C0CAC9225D4FE300189630 /* Debug */,
				79C0CACA225D4FE300189630 /* Release */,
			);
			defaultConfigurationIsVisible = 0;
			defaultConfigurationName = Release;
		};
		79C0CACB225D4FE300189630 /* Build configuration list for PBXNativeTarget "National Parks Explorer" */ = {
			isa = XCConfigurationList;
			buildConfigurations = (
				79C0CACC225D4FE300189630 /* Debug */,
				79C0CACD225D4FE300189630 /* Release */,
			);
			defaultConfigurationIsVisible = 0;
			defaultConfigurationName = Release;
		};
		79C0CACE225D4FE300189630 /* Build configuration list for PBXNativeTarget "National Parks ExplorerTests" */ = {
			isa = XCConfigurationList;
			buildConfigurations = (
				79C0CACF225D4FE300189630 /* Debug */,
				79C0CAD0225D4FE300189630 /* Release */,
			);
			defaultConfigurationIsVisible = 0;
			defaultConfigurationName = Release;
		};
		79C0CAD1225D4FE300189630 /* Build configuration list for PBXNativeTarget "National Parks ExplorerUITests" */ = {
			isa = XCConfigurationList;
			buildConfigurations = (
				79C0CAD2225D4FE300189630 /* Debug */,
				79C0CAD3225D4FE300189630 /* Release */,
			);
			defaultConfigurationIsVisible = 0;
			defaultConfigurationName = Release;
		};
/* End XCConfigurationList section */
	};
	rootObject = 79C0CA9B225D4FDE00189630 /* Project object */;
}
